<?xml version="1.0" encoding="utf-8"?>
<Project ToolsVersion="4.0" xmlns="http://schemas.microsoft.com/developer/msbuild/2003">
  <ItemGroup>
    <Filter Include="Header Files">
      <UniqueIdentifier>{18e512bf-11c0-406c-8968-4eca05dec26a}</UniqueIdentifier>
    </Filter>
    <Filter Include="Source Files">
      <UniqueIdentifier>{d3f839a1-d32c-43b2-85a8-dd1ad3640e1d}</UniqueIdentifier>
    </Filter>
  </ItemGroup>
  <ItemGroup>
    <ClCompile Include="Tutorial6.cpp">
      <Filter>Source Files</Filter>
    </ClCompile>
    <ClCompile Include="CubeRobot.cpp">
      <Filter>Source Files</Filter>
    </ClCompile>
    <ClCompile Include="Renderer.cpp">
      <Filter>Source Files</Filter>
    </ClCompile>
  </ItemGroup>
  <ItemGroup>
    <ClInclude Include="CubeRobot.h">
      <Filter>Header Files</Filter>
    </ClInclude>
    <ClInclude Include="Renderer.h">
      <Filter>Header Files</Filter>
    </ClInclude>
  </ItemGroup>
</Project>