<?xml version="1.0" encoding="utf-8"?>
<Project ToolsVersion="4.0" xmlns="http://schemas.microsoft.com/developer/msbuild/2003">
  <ItemGroup>
    <Filter Include="Header Files">
      <UniqueIdentifier>{93995380-89BD-4b04-88EB-625FBE52EBFB}</UniqueIdentifier>
      <Extensions>h;hpp;hxx;hm;inl;inc;xsd</Extensions>
    </Filter>
    <Filter Include="Source Files">
      <UniqueIdentifier>{4FC737F1-C7A5-4376-A066-2A32D752A2FF}</UniqueIdentifier>
      <Extensions>cpp;c;cc;cxx;def;odl;idl;hpj;bat;asm;asmx</Extensions>
    </Filter>
    <Filter Include="Source Files\Element Files">
      <UniqueIdentifier>{0cb3755c-6e00-44bb-a38d-a70f58b9db90}</UniqueIdentifier>
    </Filter>
    <Filter Include="Header Files\Element Files">
      <UniqueIdentifier>{f058a5ec-bb90-4faf-aace-3eda14cf90fa}</UniqueIdentifier>
    </Filter>
  </ItemGroup>
  <ItemGroup>
    <ClCompile Include="GraphicsCoursework.cpp" />
    <ClCompile Include="PointLights.cpp">
      <Filter>Source Files\Element Files</Filter>
    </ClCompile>
    <ClCompile Include="Skybox.cpp">
      <Filter>Source Files\Element Files</Filter>
    </ClCompile>
    <ClCompile Include="Renderer.cpp">
      <Filter>Source Files</Filter>
    </ClCompile>
  </ItemGroup>
  <ItemGroup>
    <ClInclude Include="Renderer.h">
      <Filter>Header Files</Filter>
    </ClInclude>
    <ClInclude Include="Skybox.h">
      <Filter>Header Files\Element Files</Filter>
    </ClInclude>
    <ClInclude Include="PointLights.h">
      <Filter>Header Files\Element Files</Filter>
    </ClInclude>
  </ItemGroup>
</Project>